
Microsoft Visual Studio Solution File, Format Version 12.00
# Visual Studio Version 16
VisualStudioVersion = 16.0.32602.291
MinimumVisualStudioVersion = 10.0.40219.1
Project("{FAE04EC0-301F-11D3-BF4B-00C04F79EFBC}") = "ApiProject", "ApiProject\ApiProject.csproj", "{FE1A9402-F3AE-4E63-939E-FF553CAE48AD}"
EndProject
Project("{FAE04EC0-301F-11D3-BF4B-00C04F79EFBC}") = "ConsumeRestApi", "ConsumeRestApi\ConsumeRestApi.csproj", "{1CD848CD-9726-420B-B8BF-B163776B716D}"
EndProject
Project("{FAE04EC0-301F-11D3-BF4B-00C04F79EFBC}") = "SharedProject", "SharedProject\SharedProject.csproj", "{313D08D1-C735-404A-B2BA-2B07C889F750}"
EndProject
Global
	GlobalSection(SolutionConfigurationPlatforms) = preSolution
		Debug|Any CPU = Debug|Any CPU
		Release|Any CPU = Release|Any CPU
	EndGlobalSection
	GlobalSection(ProjectConfigurationPlatforms) = postSolution
		{FE1A9402-F3AE-4E63-939E-FF553CAE48AD}.Debug|Any CPU.ActiveCfg = Debug|Any CPU
		{FE1A9402-F3AE-4E63-939E-FF553CAE48AD}.Debug|Any CPU.Build.0 = Debug|Any CPU
		{FE1A9402-F3AE-4E63-939E-FF553CAE48AD}.Release|Any CPU.ActiveCfg = Release|Any CPU
		{FE1A9402-F3AE-4E63-939E-FF553CAE48AD}.Release|Any CPU.Build.0 = Release|Any CPU
		{1CD848CD-9726-420B-B8BF-B163776B716D}.Debug|Any CPU.ActiveCfg = Debug|Any CPU
		{1CD848CD-9726-420B-B8BF-B163776B716D}.Debug|Any CPU.Build.0 = Debug|Any CPU
		{1CD848CD-9726-420B-B8BF-B163776B716D}.Release|Any CPU.ActiveCfg = Release|Any CPU
		{1CD848CD-9726-420B-B8BF-B163776B716D}.Release|Any CPU.Build.0 = Release|Any CPU
		{313D08D1-C735-404A-B2BA-2B07C889F750}.Debug|Any CPU.ActiveCfg = Debug|Any CPU
		{313D08D1-C735-404A-B2BA-2B07C889F750}.Debug|Any CPU.Build.0 = Debug|Any CPU
		{313D08D1-C735-404A-B2BA-2B07C889F750}.Release|Any CPU.ActiveCfg = Release|Any CPU
		{313D08D1-C735-404A-B2BA-2B07C889F750}.Release|Any CPU.Build.0 = Release|Any CPU
	EndGlobalSection
	GlobalSection(SolutionProperties) = preSolution
		HideSolutionNode = FALSE
	EndGlobalSection
	GlobalSection(ExtensibilityGlobals) = postSolution
		SolutionGuid = {F4193D24-1F4E-4E04-847E-07C0095466E0}
	EndGlobalSection
EndGlobal
